lockfileVersion: '6.0'

settings:
  autoInstallPeers: true
  excludeLinksFromLockfile: false

dependencies:
  autocorrect-node:
    specifier: ^2.8.4
    version: 2.9.0
  prettier:
    specifier: ^3.1.0
    version: 3.2.5

packages:

  /autocorrect-node-darwin-arm64@2.9.0:
    resolution: {integrity: sha512-lNG5RvydyBWUToJ5dDgGCu1Mmi6uxJsErGNokyiLj0tP0HXsI7Ed+MPnVd2QLWDrSfTIaGr4JyJ0KjVe0TyznA==}
    engines: {node: '>= 10'}
    cpu: [arm64]
    os: [darwin]
    requiresBuild: true
    dev: false
    optional: true

  /autocorrect-node-darwin-x64@2.9.0:
    resolution: {integrity: sha512-giOy9nHnReU5pJH44jI1grPSdtyv0jhVt/UqKpnW3XaH8kss2CvF1BzW0/BAD6FbUOlh7S1JjrfTD4bWkqR1ZA==}
    engines: {node: '>= 10'}
    cpu: [x64]
    os: [darwin]
    requiresBuild: true
    dev: false
    optional: true

  /autocorrect-node-linux-x64-gnu@2.9.0:
    resolution: {integrity: sha512-KMAwr4TM04HYQN0+fSVaxJ/+o+msrluSOKwI79wYnIukrSQSBLbVthVowsP6coUHi9A9Jq8fHhlAFdOQPVKGUA==}
    engines: {node: '>= 10'}
    cpu: [x64]
    os: [linux]
    requiresBuild: true
    dev: false
    optional: true

  /autocorrect-node-linux-x64-musl@2.9.0:
    resolution: {integrity: sha512-Uly0OHk2ZSriClKNh6QEFI0CP9Uf8rUX0EFBNoPONwZtLWfvuthFZPb+9WJMW5H4+yRMU8T/p8yMM1iSnNgi9g==}
    engines: {node: '>= 10'}
    cpu: [x64]
    os: [linux]
    requiresBuild: true
    dev: false
    optional: true

  /autocorrect-node-win32-x64-msvc@2.9.0:
    resolution: {integrity: sha512-MKJxmoDMZzOq6OEvqcDV/2WnQ0KWBvqtWm7l0o0MBNG5PqTlV2wqHtmCk6gfLGLV0oNT9A30WsgYfGyEeNJ0wg==}
    engines: {node: '>= 10'}
    cpu: [x64]
    os: [win32]
    requiresBuild: true
    dev: false
    optional: true

  /autocorrect-node@2.9.0:
    resolution: {integrity: sha512-a5/llf9KoBJg2H7dj1iCYbo/uYYiYm4Shr9zMMFrvsPS3LTMVDwfvUmpGhlod2F8AChaFpHS5OirFMd8Fxw+ag==}
    engines: {node: '>= 10'}
    hasBin: true
    optionalDependencies:
      autocorrect-node-darwin-arm64: 2.9.0
      autocorrect-node-darwin-x64: 2.9.0
      autocorrect-node-linux-x64-gnu: 2.9.0
      autocorrect-node-linux-x64-musl: 2.9.0
      autocorrect-node-win32-x64-msvc: 2.9.0
    dev: false

  /prettier@3.2.5:
    resolution: {integrity: sha512-3/GWa9aOC0YeD7LUfvOG2NiDyhOWRvt1k+rcKhOuYnMY24iiCphgneUfJDyFXd6rZCAnuLBv6UeAULtrhT/F4A==}
    engines: {node: '>=14'}
    hasBin: true
    dev: false
